<?xml version="1.0" encoding="UTF-8" standalone="yes" ?>
<CodeBlocks_project_file>
	<FileVersion major="1" minor="6" />
	<Project>
		<Option title="GUI" />
		<Option pch_mode="2" />
		<Option compiler="gcc" />
		<Build>
			<Target title="Debug">
				<Option output="bin\Debug\GUI" prefix_auto="1" extension_auto="1" />
				<Option object_output="obj\Debug\" />
				<Option type="1" />
				<Option compiler="gcc" />
				<Compiler>
					<Add option="-g" />
				</Compiler>
				<Linker>
					<Add library="..\..\..\..\..\..\..\..\Program Files\CodeBlocks\MinGW\lib\sfml2\libsfml-graphics-d.a" />
					<Add library="..\..\..\..\..\..\..\..\Program Files\CodeBlocks\MinGW\lib\sfml2\libsfml-window-d.a" />
					<Add library="..\..\..\..\..\..\..\..\Program Files\CodeBlocks\MinGW\lib\sfml2\libsfml-system-d.a" />
				</Linker>
			</Target>
			<Target title="Release">
				<Option output="bin\Release\GUI" prefix_auto="1" extension_auto="1" />
				<Option object_output="obj\Release\" />
				<Option type="1" />
				<Option compiler="gcc" />
				<Compiler>
					<Add option="-O2" />
				</Compiler>
				<Linker>
					<Add option="-s" />
					<Add library="..\..\..\..\..\..\..\..\Program Files\CodeBlocks\MinGW\lib\sfml2\libsfml-graphics.a" />
					<Add library="..\..\..\..\..\..\..\..\Program Files\CodeBlocks\MinGW\lib\sfml2\libsfml-window.a" />
					<Add library="..\..\..\..\..\..\..\..\Program Files\CodeBlocks\MinGW\lib\sfml2\libsfml-system.a" />
				</Linker>
			</Target>
		</Build>
		<Compiler>
			<Add option="-Wall" />
			<Add option="-fexceptions" />
		</Compiler>
		<Unit filename="EventManager.cpp" />
		<Unit filename="EventManager.hpp" />
		<Unit filename="Global.hpp" />
		<Unit filename="Singleton.hpp" />
		<Unit filename="WindowGame.cpp" />
		<Unit filename="WindowGame.hpp" />
		<Unit filename="main.cpp" />
		<Extensions>
			<code_completion />
			<debugger />
		</Extensions>
	</Project>
</CodeBlocks_project_file>
