<?xml version="1.0" encoding="UTF-8" standalone="yes" ?>
<CodeBlocks_project_file>
	<FileVersion major="1" minor="6" />
	<Project>
		<Option title="Holyspirit" />
		<Option pch_mode="2" />
		<Option compiler="gcc" />
		<Build>
			<Target title="Release">
				<Option platforms="Windows;" />
				<Option output="..\Holyspirit_demo\Holyspirit" prefix_auto="0" extension_auto="1" />
				<Option working_dir="..\Holyspirit_demo" />
				<Option type="1" />
				<Option compiler="gcc" />
				<Option use_console_runner="0" />
				<Option projectCompilerOptionsRelation="1" />
				<Option projectResourceIncludeDirsRelation="1" />
				<Compiler>
					<Add option="-fomit-frame-pointer" />
					<Add option="-fexpensive-optimizations" />
					<Add option="-Os" />
					<Add option="-O3" />
					<Add option="-O" />
					<Add option="-DWIN32" />
					<Add option="-DNDEBUG" />
					<Add option="-D_WINDOWS" />
					<Add option="-DSFML_STATIC" />
					<Add directory="..\..\SFML2\include" />
				</Compiler>
				<Linker>
					<Add option="-s" />
					<Add library="opengl32" />
					<Add library="glu32" />
					<Add library="..\..\SFML2\lib\libsfml-audio-s.a" />
					<Add library="..\..\SFML2\lib\libsfml-graphics-s.a" />
					<Add library="..\..\SFML2\lib\libsfml-window-s.a" />
					<Add library="..\..\SFML2\lib\libsfml-system-s.a" />
					<Add directory="..\..\SFML2\lib" />
				</Linker>
			</Target>
			<Target title="Debug">
				<Option platforms="Windows;" />
				<Option output="..\Holyspirit_demo\Holyspirit_debug" prefix_auto="0" extension_auto="1" />
				<Option working_dir="..\Holyspirit_demo" />
				<Option type="1" />
				<Option compiler="gcc" />
				<Option projectCompilerOptionsRelation="1" />
				<Option projectResourceIncludeDirsRelation="1" />
				<Compiler>
					<Add option="-Wall" />
					<Add option="-g" />
					<Add option="-DWIN32" />
					<Add option="-DDEBUG" />
					<Add option="-D_WINDOWS" />
					<Add option="-DSFML_STATIC" />
					<Add directory="..\..\SFML2_TEST\include" />
				</Compiler>
				<Linker>
					<Add option="-lsfml-audio-s" />
					<Add option="-lsfml-graphics-s" />
					<Add option="-lsfml-window-s" />
					<Add option="-lsfml-system-s" />
					<Add directory="..\..\SFML2_TEST\lib" />
				</Linker>
			</Target>
			<Target title="FullDebug">
				<Option output="..\Holyspirit\Holyspirit_fulldebug" prefix_auto="1" extension_auto="1" />
				<Option working_dir="..\Holyspirit" />
				<Option type="1" />
				<Option compiler="gcc" />
				<Option use_console_runner="0" />
				<Compiler>
					<Add option="-g" />
					<Add directory="..\..\SFML_SVN\branches\sfml2\include" />
				</Compiler>
				<Linker>
					<Add option="-lsfml-audio-s-d" />
					<Add option="-lsfml-graphics-s-d" />
					<Add option="-lsfml-window-s-d" />
					<Add option="-lsfml-system-s-d" />
					<Add directory="..\..\SFML_SVN\branches\sfml2\lib\mingw" />
				</Linker>
			</Target>
			<Target title="Linux">
				<Option platforms="Unix;" />
				<Option output="..\Holyspirit\Holyspirit_Linux" prefix_auto="1" extension_auto="1" />
				<Option working_dir="..\Holyspirit" />
				<Option type="0" />
				<Option compiler="gcc" />
				<Compiler>
					<Add option="-DSFML_DYNAMIC" />
				</Compiler>
				<Linker>
					<Add option="-lsfml-audio" />
					<Add option="-lsfml-graphics" />
					<Add option="-lsfml-window" />
					<Add option="-lsfml-system" />
				</Linker>
			</Target>
			<Target title="Profiling">
				<Option platforms="Windows;" />
				<Option output="..\Holyspirit_demo\Holyspirit_profiling" prefix_auto="0" extension_auto="1" />
				<Option working_dir="..\Holyspirit_demo" />
				<Option type="0" />
				<Option compiler="gcc" />
				<Option projectCompilerOptionsRelation="1" />
				<Option projectResourceIncludeDirsRelation="1" />
				<Compiler>
					<Add option="-pg" />
					<Add option="-g" />
					<Add option="-DWIN32" />
					<Add option="-DDEBUG" />
					<Add option="-D_WINDOWS" />
					<Add option="-DSFML_STATIC" />
					<Add directory="..\..\SFML2\include" />
				</Compiler>
				<Linker>
					<Add option="-pg -lgmon" />
					<Add option="-lsfml-audio-s" />
					<Add option="-lsfml-graphics-s" />
					<Add option="-lsfml-window-s" />
					<Add option="-lsfml-system-s" />
					<Add directory="..\..\SFML2\lib" />
				</Linker>
			</Target>
		</Build>
		<VirtualTargets>
			<Add alias="All" targets="Release;" />
		</VirtualTargets>
		<Unit filename="Contextes\c_bless.cpp" />
		<Unit filename="Contextes\c_bless.h" />
		<Unit filename="Contextes\c_changementMap.cpp" />
		<Unit filename="Contextes\c_changementMap.h" />
		<Unit filename="Contextes\c_craft.cpp" />
		<Unit filename="Contextes\c_craft.h" />
		<Unit filename="Contextes\c_demarrage.cpp" />
		<Unit filename="Contextes\c_demarrage.h" />
		<Unit filename="Contextes\c_documents.cpp" />
		<Unit filename="Contextes\c_documents.h" />
		<Unit filename="Contextes\c_inventaire.cpp" />
		<Unit filename="Contextes\c_inventaire.h" />
		<Unit filename="Contextes\c_jeu.cpp" />
		<Unit filename="Contextes\c_jeu.h" />
		<Unit filename="Contextes\c_mainMenu.cpp" />
		<Unit filename="Contextes\c_mainMenu.h" />
		<Unit filename="Contextes\c_menuInGame.cpp" />
		<Unit filename="Contextes\c_menuInGame.h" />
		<Unit filename="Contextes\c_miracles.cpp" />
		<Unit filename="Contextes\c_miracles.h" />
		<Unit filename="Contextes\c_potales.cpp" />
		<Unit filename="Contextes\c_potales.h" />
		<Unit filename="Contextes\c_quetes.cpp" />
		<Unit filename="Contextes\c_quetes.h" />
		<Unit filename="Contextes\contexte.cpp" />
		<Unit filename="Contextes\contexte.h" />
		<Unit filename="Entites\case.cpp" />
		<Unit filename="Entites\case.h" />
		<Unit filename="Entites\classe.cpp" />
		<Unit filename="Entites\classe.h" />
		<Unit filename="Entites\hero.cpp" />
		<Unit filename="Entites\hero.h" />
		<Unit filename="Entites\liste_case.cpp" />
		<Unit filename="Entites\liste_case.h" />
		<Unit filename="Entites\miracle.cpp" />
		<Unit filename="Entites\miracle.h" />
		<Unit filename="Entites\monstre.cpp" />
		<Unit filename="Entites\monstre.h" />
		<Unit filename="Entites\objet.cpp" />
		<Unit filename="Entites\objet.h" />
		<Unit filename="Entites\personnage.cpp" />
		<Unit filename="Entites\personnage.h" />
		<Unit filename="Entites\quete.cpp" />
		<Unit filename="Entites\quete.h" />
		<Unit filename="Entites\script.cpp" />
		<Unit filename="Entites\script.h" />
		<Unit filename="Map\Climate.cpp" />
		<Unit filename="Map\Climate.h" />
		<Unit filename="Map\decor.cpp" />
		<Unit filename="Map\decor.h" />
		<Unit filename="Map\map.cpp" />
		<Unit filename="Map\map.h" />
		<Unit filename="Map\map_miracles.cpp" />
		<Unit filename="Map\map_scripts.cpp" />
		<Unit filename="Map\tile.cpp" />
		<Unit filename="Map\tile.h" />
		<Unit filename="Map\tileset.cpp" />
		<Unit filename="Map\tileset.h" />
		<Unit filename="Moteurs\Entite_graphique.cpp" />
		<Unit filename="Moteurs\Entite_graphique.h" />
		<Unit filename="Moteurs\commande.h" />
		<Unit filename="Moteurs\console.cpp" />
		<Unit filename="Moteurs\console.h" />
		<Unit filename="Moteurs\eventManager.cpp" />
		<Unit filename="Moteurs\eventManager.h" />
		<Unit filename="Moteurs\light.cpp" />
		<Unit filename="Moteurs\light.h" />
		<Unit filename="Moteurs\lightManager.cpp" />
		<Unit filename="Moteurs\lightManager.h" />
		<Unit filename="Moteurs\modeleMoteurParticule.cpp" />
		<Unit filename="Moteurs\modeleMoteurParticule.h" />
		<Unit filename="Moteurs\moteurGraphique.cpp" />
		<Unit filename="Moteurs\moteurGraphique.h" />
		<Unit filename="Moteurs\moteurParticule.cpp" />
		<Unit filename="Moteurs\moteurParticule.h" />
		<Unit filename="Moteurs\moteurSons.cpp" />
		<Unit filename="Moteurs\moteurSons.h" />
		<Unit filename="configuration.cpp" />
		<Unit filename="configuration.h" />
		<Unit filename="constantes.h" />
		<Unit filename="datFile.cpp" />
		<Unit filename="datFile.h" />
		<Unit filename="globale.h" />
		<Unit filename="jeu.cpp" />
		<Unit filename="jeu.h" />
		<Unit filename="main.cpp" />
		<Unit filename="main.h" />
		<Unit filename="menu.cpp" />
		<Unit filename="menu.h" />
		<Unit filename="ressource.rc">
			<Option compilerVar="WINDRES" />
		</Unit>
		<Unit filename="singleton.h" />
		<Unit filename="version.h" />
		<Unit filename="video.cpp" />
		<Extensions>
			<code_completion />
			<debugger />
			<envvars />
			<AutoVersioning>
				<Scheme minor_max="100" build_max="0" rev_max="0" rev_rand_max="100" build_times_to_increment_minor="100" />
				<Settings autoincrement="1" date_declarations="1" do_auto_increment="0" ask_to_increment="0" language="C++" svn="0" svn_directory="" header_path="version.h" />
				<Changes_Log show_changes_editor="0" app_title="released version %M.%m.%b of %p" changeslog_path="ChangesLog.txt" />
				<Code header_guard="VERSION_H" namespace="AutoVersion" prefix="" />
			</AutoVersioning>
		</Extensions>
	</Project>
</CodeBlocks_project_file>
